<?xml version="1.0" encoding="utf-8"?>
<Project ToolsVersion="4.0" xmlns="http://schemas.microsoft.com/developer/msbuild/2003">
  <ItemGroup>
    <ClCompile Include="RosKmdAcpi.cpp">
      <Filter>Source Files</Filter>
    </ClCompile>
    <ClCompile Include="RosKmdAdapter.cpp">
      <Filter>Source Files</Filter>
    </ClCompile>
    <ClCompile Include="RosKmdContext.cpp">
      <Filter>Source Files</Filter>
    </ClCompile>
    <ClCompile Include="RosKmdDdi.cpp">
      <Filter>Source Files</Filter>
    </ClCompile>
    <ClCompile Include="RosKmdDevice.cpp">
      <Filter>Source Files</Filter>
    </ClCompile>
    <ClCompile Include="RosKmdGlobal.cpp">
      <Filter>Source Files</Filter>
    </ClCompile>
    <ClCompile Include="RosKmdPower.cpp">
      <Filter>Source Files</Filter>
    </ClCompile>
    <ClCompile Include="RosKmdUtil.cpp">
      <Filter>Source Files</Filter>
    </ClCompile>
    <ClCompile Include="RosKmdRapAdapter.cpp">
      <Filter>Source Files</Filter>
    </ClCompile>
    <ClCompile Include="RosKmdSoftAdapter.cpp">
      <Filter>Source Files</Filter>
    </ClCompile>
    <ClCompile Include="precomp.cpp">
      <Filter>Source Files</Filter>
    </ClCompile>
    <ClCompile Include="RosKmdLogging.cpp">
      <Filter>Source Files</Filter>
    </ClCompile>
    <ClCompile Include="Vc4Debug.cpp">
      <Filter>Source Files</Filter>
    </ClCompile>
    <ClCompile Include="Vc4Display.cpp">
      <Filter>Source Files</Filter>
    </ClCompile>
  </ItemGroup>
  <ItemGroup>
    <ClInclude Include="..\roscommon\RosAllocation.h">
      <Filter>Header Files</Filter>
    </ClInclude>
    <ClInclude Include="..\roscommon\RosGpuCommand.h">
      <Filter>Header Files</Filter>
    </ClInclude>
    <ClInclude Include="RosKmd.h">
      <Filter>Header Files</Filter>
    </ClInclude>
    <ClInclude Include="RosKmdAcpi.h">
      <Filter>Header Files</Filter>
    </ClInclude>
    <ClInclude Include="RosKmdAdapter.h">
      <Filter>Header Files</Filter>
    </ClInclude>
    <ClInclude Include="RosKmdAllocation.h">
      <Filter>Header Files</Filter>
    </ClInclude>
    <ClInclude Include="RosKmdContext.h">
      <Filter>Header Files</Filter>
    </ClInclude>
    <ClInclude Include="RosKmdDevice.h">
      <Filter>Header Files</Filter>
    </ClInclude>
    <ClInclude Include="RosKmdGlobal.h">
      <Filter>Header Files</Filter>
    </ClInclude>
    <ClInclude Include="RosKmdResource.h">
      <Filter>Header Files</Filter>
    </ClInclude>
    <ClInclude Include="RosKmdUtil.h">
      <Filter>Header Files</Filter>
    </ClInclude>
    <ClInclude Include="..\roscommon\Vc4Ddi.h">
      <Filter>Header Files</Filter>
    </ClInclude>
    <ClInclude Include="..\roscommon\Vc4Hw.h">
      <Filter>Header Files</Filter>
    </ClInclude>
    <ClInclude Include="RosKmdDdi.h">
      <Filter>Header Files</Filter>
    </ClInclude>
    <ClInclude Include="..\roscommon\Vc4Mailbox.h">
      <Filter>Header Files</Filter>
    </ClInclude>
    <ClInclude Include="RosKmdRapAdapter.h">
      <Filter>Header Files</Filter>
    </ClInclude>
    <ClInclude Include="RosKmdSoftAdapter.h">
      <Filter>Header Files</Filter>
    </ClInclude>
    <ClInclude Include="RosKmdLogging.h">
      <Filter>Header Files</Filter>
    </ClInclude>
    <ClInclude Include="Vc4Debug.h">
      <Filter>Header Files</Filter>
    </ClInclude>
    <ClInclude Include="Vc4Display.h">
      <Filter>Header Files</Filter>
    </ClInclude>
    <ClInclude Include="Vc4Hvs.h">
      <Filter>Header Files</Filter>
    </ClInclude>
    <ClInclude Include="Vc4PixelValve.h">
      <Filter>Header Files</Filter>
    </ClInclude>
  </ItemGroup>
  <ItemGroup>
    <Filter Include="Source Files">
      <UniqueIdentifier>{e7940f4b-9d46-463d-b390-dbb5fd7eca29}</UniqueIdentifier>
    </Filter>
    <Filter Include="Header Files">
      <UniqueIdentifier>{91b96ba4-5f69-448b-85eb-af194a015f6b}</UniqueIdentifier>
    </Filter>
  </ItemGroup>
</Project>