
Microsoft Visual Studio Solution File, Format Version 12.00
# Visual Studio 15
VisualStudioVersion = 15.0.27428.2037
MinimumVisualStudioVersion = 10.0.40219.1
Project("{8BC9CEB8-8B4A-11D0-8D11-00A0C91BC942}") = "coskmd", "coskmd\coskmd.vcxproj", "{65CF1498-21A7-4356-8C3A-3642958DEF34}"
EndProject
Project("{8BC9CEB8-8B4A-11D0-8D11-00A0C91BC942}") = "cosDriver", "cosdriver\cosDriver.vcxproj", "{593E30CD-93AD-432A-B6A1-B59F85C77ACC}"
EndProject
Project("{8BC9CEB8-8B4A-11D0-8D11-00A0C91BC942}") = "cosumd12", "cosumd12\cosumd12.vcxproj", "{22563F11-4342-46B7-AAF7-DB4E57838879}"
	ProjectSection(ProjectDependencies) = postProject
		{3F0E4427-FD58-4757-96E3-D9704996BCDD} = {3F0E4427-FD58-4757-96E3-D9704996BCDD}
	EndProjectSection
EndProject
Project("{8BC9CEB8-8B4A-11D0-8D11-00A0C91BC942}") = "costest", "costest\costest.vcxproj", "{74643D96-893B-4543-ABFD-B1492B277218}"
EndProject
Project("{8BC9CEB8-8B4A-11D0-8D11-00A0C91BC942}") = "costest2", "costest2\costest2.vcxproj", "{7341BDBE-5F2D-43EE-A0B1-F2CE91DE6CEE}"
EndProject
Project("{8BC9CEB8-8B4A-11D0-8D11-00A0C91BC942}") = "costestmc", "costestmc\costestmc.vcxproj", "{5E707630-EEAA-41D3-8809-FC16CCE132DF}"
EndProject
Project("{8BC9CEB8-8B4A-11D0-8D11-00A0C91BC942}") = "costestpaging", "costestpaging\costestpaging.vcxproj", "{4F8047B0-B9EC-4B0C-883C-971CFB924BD1}"
EndProject
Project("{8BC9CEB8-8B4A-11D0-8D11-00A0C91BC942}") = "VpuCompiler", "vpucompiler\VpuCompiler.vcxproj", "{3F0E4427-FD58-4757-96E3-D9704996BCDD}"
EndProject
Project("{8BC9CEB8-8B4A-11D0-8D11-00A0C91BC942}") = "vputest", "vputest\vputest.vcxproj", "{72BFA2E4-4BC8-4069-8E06-05658F49ECB3}"
	ProjectSection(ProjectDependencies) = postProject
		{3F0E4427-FD58-4757-96E3-D9704996BCDD} = {3F0E4427-FD58-4757-96E3-D9704996BCDD}
	EndProjectSection
EndProject
Global
	GlobalSection(SolutionConfigurationPlatforms) = preSolution
		Debug|Any CPU = Debug|Any CPU
		Debug|ARM = Debug|ARM
		Debug|ARM64 = Debug|ARM64
		Debug|x64 = Debug|x64
		Debug|x86 = Debug|x86
		Release|Any CPU = Release|Any CPU
		Release|ARM = Release|ARM
		Release|ARM64 = Release|ARM64
		Release|x64 = Release|x64
		Release|x86 = Release|x86
	EndGlobalSection
	GlobalSection(ProjectConfigurationPlatforms) = postSolution
		{65CF1498-21A7-4356-8C3A-3642958DEF34}.Debug|Any CPU.ActiveCfg = Debug|Win32
		{65CF1498-21A7-4356-8C3A-3642958DEF34}.Debug|ARM.ActiveCfg = Debug|ARM
		{65CF1498-21A7-4356-8C3A-3642958DEF34}.Debug|ARM.Build.0 = Debug|ARM
		{65CF1498-21A7-4356-8C3A-3642958DEF34}.Debug|ARM64.ActiveCfg = Debug|ARM64
		{65CF1498-21A7-4356-8C3A-3642958DEF34}.Debug|x64.ActiveCfg = Debug|x64
		{65CF1498-21A7-4356-8C3A-3642958DEF34}.Debug|x64.Build.0 = Debug|x64
		{65CF1498-21A7-4356-8C3A-3642958DEF34}.Debug|x64.Deploy.0 = Debug|x64
		{65CF1498-21A7-4356-8C3A-3642958DEF34}.Debug|x86.ActiveCfg = Debug|Win32
		{65CF1498-21A7-4356-8C3A-3642958DEF34}.Debug|x86.Build.0 = Debug|Win32
		{65CF1498-21A7-4356-8C3A-3642958DEF34}.Debug|x86.Deploy.0 = Debug|Win32
		{65CF1498-21A7-4356-8C3A-3642958DEF34}.Release|Any CPU.ActiveCfg = Release|Win32
		{65CF1498-21A7-4356-8C3A-3642958DEF34}.Release|ARM.ActiveCfg = Release|ARM
		{65CF1498-21A7-4356-8C3A-3642958DEF34}.Release|ARM.Build.0 = Release|ARM
		{65CF1498-21A7-4356-8C3A-3642958DEF34}.Release|ARM64.ActiveCfg = Release|ARM64
		{65CF1498-21A7-4356-8C3A-3642958DEF34}.Release|x64.ActiveCfg = Release|x64
		{65CF1498-21A7-4356-8C3A-3642958DEF34}.Release|x64.Build.0 = Release|x64
		{65CF1498-21A7-4356-8C3A-3642958DEF34}.Release|x86.ActiveCfg = Release|Win32
		{65CF1498-21A7-4356-8C3A-3642958DEF34}.Release|x86.Build.0 = Release|Win32
		{65CF1498-21A7-4356-8C3A-3642958DEF34}.Release|x86.Deploy.0 = Release|Win32
		{593E30CD-93AD-432A-B6A1-B59F85C77ACC}.Debug|Any CPU.ActiveCfg = Debug|Win32
		{593E30CD-93AD-432A-B6A1-B59F85C77ACC}.Debug|ARM.ActiveCfg = Debug|ARM
		{593E30CD-93AD-432A-B6A1-B59F85C77ACC}.Debug|ARM.Build.0 = Debug|ARM
		{593E30CD-93AD-432A-B6A1-B59F85C77ACC}.Debug|ARM.Deploy.0 = Debug|ARM
		{593E30CD-93AD-432A-B6A1-B59F85C77ACC}.Debug|ARM64.ActiveCfg = Debug|ARM64
		{593E30CD-93AD-432A-B6A1-B59F85C77ACC}.Debug|x64.ActiveCfg = Debug|x64
		{593E30CD-93AD-432A-B6A1-B59F85C77ACC}.Debug|x64.Build.0 = Debug|x64
		{593E30CD-93AD-432A-B6A1-B59F85C77ACC}.Debug|x64.Deploy.0 = Debug|x64
		{593E30CD-93AD-432A-B6A1-B59F85C77ACC}.Debug|x86.ActiveCfg = Debug|Win32
		{593E30CD-93AD-432A-B6A1-B59F85C77ACC}.Debug|x86.Build.0 = Debug|Win32
		{593E30CD-93AD-432A-B6A1-B59F85C77ACC}.Debug|x86.Deploy.0 = Debug|Win32
		{593E30CD-93AD-432A-B6A1-B59F85C77ACC}.Release|Any CPU.ActiveCfg = Release|Win32
		{593E30CD-93AD-432A-B6A1-B59F85C77ACC}.Release|ARM.ActiveCfg = Release|ARM
		{593E30CD-93AD-432A-B6A1-B59F85C77ACC}.Release|ARM.Build.0 = Release|ARM
		{593E30CD-93AD-432A-B6A1-B59F85C77ACC}.Release|ARM.Deploy.0 = Release|ARM
		{593E30CD-93AD-432A-B6A1-B59F85C77ACC}.Release|ARM64.ActiveCfg = Release|ARM64
		{593E30CD-93AD-432A-B6A1-B59F85C77ACC}.Release|ARM64.Deploy.0 = Release|ARM64
		{593E30CD-93AD-432A-B6A1-B59F85C77ACC}.Release|x64.ActiveCfg = Release|x64
		{593E30CD-93AD-432A-B6A1-B59F85C77ACC}.Release|x64.Build.0 = Release|x64
		{593E30CD-93AD-432A-B6A1-B59F85C77ACC}.Release|x64.Deploy.0 = Release|x64
		{593E30CD-93AD-432A-B6A1-B59F85C77ACC}.Release|x86.ActiveCfg = Release|Win32
		{593E30CD-93AD-432A-B6A1-B59F85C77ACC}.Release|x86.Build.0 = Release|Win32
		{593E30CD-93AD-432A-B6A1-B59F85C77ACC}.Release|x86.Deploy.0 = Release|Win32
		{22563F11-4342-46B7-AAF7-DB4E57838879}.Debug|Any CPU.ActiveCfg = Debug|Win32
		{22563F11-4342-46B7-AAF7-DB4E57838879}.Debug|ARM.ActiveCfg = Debug|ARM
		{22563F11-4342-46B7-AAF7-DB4E57838879}.Debug|ARM.Build.0 = Debug|ARM
		{22563F11-4342-46B7-AAF7-DB4E57838879}.Debug|ARM64.ActiveCfg = Debug|Win32
		{22563F11-4342-46B7-AAF7-DB4E57838879}.Debug|x64.ActiveCfg = Debug|x64
		{22563F11-4342-46B7-AAF7-DB4E57838879}.Debug|x64.Build.0 = Debug|x64
		{22563F11-4342-46B7-AAF7-DB4E57838879}.Debug|x64.Deploy.0 = Debug|x64
		{22563F11-4342-46B7-AAF7-DB4E57838879}.Debug|x86.ActiveCfg = Debug|Win32
		{22563F11-4342-46B7-AAF7-DB4E57838879}.Debug|x86.Build.0 = Debug|Win32
		{22563F11-4342-46B7-AAF7-DB4E57838879}.Release|Any CPU.ActiveCfg = Release|Win32
		{22563F11-4342-46B7-AAF7-DB4E57838879}.Release|ARM.ActiveCfg = Release|ARM
		{22563F11-4342-46B7-AAF7-DB4E57838879}.Release|ARM.Build.0 = Release|ARM
		{22563F11-4342-46B7-AAF7-DB4E57838879}.Release|ARM64.ActiveCfg = Release|Win32
		{22563F11-4342-46B7-AAF7-DB4E57838879}.Release|x64.ActiveCfg = Release|x64
		{22563F11-4342-46B7-AAF7-DB4E57838879}.Release|x64.Build.0 = Release|x64
		{22563F11-4342-46B7-AAF7-DB4E57838879}.Release|x86.ActiveCfg = Release|Win32
		{22563F11-4342-46B7-AAF7-DB4E57838879}.Release|x86.Build.0 = Release|Win32
		{74643D96-893B-4543-ABFD-B1492B277218}.Debug|Any CPU.ActiveCfg = Debug|Win32
		{74643D96-893B-4543-ABFD-B1492B277218}.Debug|ARM.ActiveCfg = Debug|ARM
		{74643D96-893B-4543-ABFD-B1492B277218}.Debug|ARM.Build.0 = Debug|ARM
		{74643D96-893B-4543-ABFD-B1492B277218}.Debug|ARM64.ActiveCfg = Debug|Win32
		{74643D96-893B-4543-ABFD-B1492B277218}.Debug|x64.ActiveCfg = Debug|x64
		{74643D96-893B-4543-ABFD-B1492B277218}.Debug|x64.Build.0 = Debug|x64
		{74643D96-893B-4543-ABFD-B1492B277218}.Debug|x86.ActiveCfg = Debug|Win32
		{74643D96-893B-4543-ABFD-B1492B277218}.Debug|x86.Build.0 = Debug|Win32
		{74643D96-893B-4543-ABFD-B1492B277218}.Release|Any CPU.ActiveCfg = Release|Win32
		{74643D96-893B-4543-ABFD-B1492B277218}.Release|ARM.ActiveCfg = Release|ARM
		{74643D96-893B-4543-ABFD-B1492B277218}.Release|ARM.Build.0 = Release|ARM
		{74643D96-893B-4543-ABFD-B1492B277218}.Release|ARM64.ActiveCfg = Release|Win32
		{74643D96-893B-4543-ABFD-B1492B277218}.Release|x64.ActiveCfg = Release|x64
		{74643D96-893B-4543-ABFD-B1492B277218}.Release|x64.Build.0 = Release|x64
		{74643D96-893B-4543-ABFD-B1492B277218}.Release|x86.ActiveCfg = Release|Win32
		{74643D96-893B-4543-ABFD-B1492B277218}.Release|x86.Build.0 = Release|Win32
		{7341BDBE-5F2D-43EE-A0B1-F2CE91DE6CEE}.Debug|Any CPU.ActiveCfg = Debug|Win32
		{7341BDBE-5F2D-43EE-A0B1-F2CE91DE6CEE}.Debug|ARM.ActiveCfg = Debug|ARM
		{7341BDBE-5F2D-43EE-A0B1-F2CE91DE6CEE}.Debug|ARM.Build.0 = Debug|ARM
		{7341BDBE-5F2D-43EE-A0B1-F2CE91DE6CEE}.Debug|ARM64.ActiveCfg = Debug|Win32
		{7341BDBE-5F2D-43EE-A0B1-F2CE91DE6CEE}.Debug|x64.ActiveCfg = Debug|x64
		{7341BDBE-5F2D-43EE-A0B1-F2CE91DE6CEE}.Debug|x64.Build.0 = Debug|x64
		{7341BDBE-5F2D-43EE-A0B1-F2CE91DE6CEE}.Debug|x86.ActiveCfg = Debug|Win32
		{7341BDBE-5F2D-43EE-A0B1-F2CE91DE6CEE}.Debug|x86.Build.0 = Debug|Win32
		{7341BDBE-5F2D-43EE-A0B1-F2CE91DE6CEE}.Release|Any CPU.ActiveCfg = Release|Win32
		{7341BDBE-5F2D-43EE-A0B1-F2CE91DE6CEE}.Release|ARM.ActiveCfg = Release|ARM
		{7341BDBE-5F2D-43EE-A0B1-F2CE91DE6CEE}.Release|ARM.Build.0 = Release|ARM
		{7341BDBE-5F2D-43EE-A0B1-F2CE91DE6CEE}.Release|ARM64.ActiveCfg = Release|Win32
		{7341BDBE-5F2D-43EE-A0B1-F2CE91DE6CEE}.Release|x64.ActiveCfg = Release|x64
		{7341BDBE-5F2D-43EE-A0B1-F2CE91DE6CEE}.Release|x64.Build.0 = Release|x64
		{7341BDBE-5F2D-43EE-A0B1-F2CE91DE6CEE}.Release|x86.ActiveCfg = Release|Win32
		{7341BDBE-5F2D-43EE-A0B1-F2CE91DE6CEE}.Release|x86.Build.0 = Release|Win32
		{5E707630-EEAA-41D3-8809-FC16CCE132DF}.Debug|Any CPU.ActiveCfg = Debug|Win32
		{5E707630-EEAA-41D3-8809-FC16CCE132DF}.Debug|ARM.ActiveCfg = Debug|ARM
		{5E707630-EEAA-41D3-8809-FC16CCE132DF}.Debug|ARM.Build.0 = Debug|ARM
		{5E707630-EEAA-41D3-8809-FC16CCE132DF}.Debug|ARM64.ActiveCfg = Debug|Win32
		{5E707630-EEAA-41D3-8809-FC16CCE132DF}.Debug|x64.ActiveCfg = Debug|x64
		{5E707630-EEAA-41D3-8809-FC16CCE132DF}.Debug|x64.Build.0 = Debug|x64
		{5E707630-EEAA-41D3-8809-FC16CCE132DF}.Debug|x86.ActiveCfg = Debug|Win32
		{5E707630-EEAA-41D3-8809-FC16CCE132DF}.Debug|x86.Build.0 = Debug|Win32
		{5E707630-EEAA-41D3-8809-FC16CCE132DF}.Release|Any CPU.ActiveCfg = Release|Win32
		{5E707630-EEAA-41D3-8809-FC16CCE132DF}.Release|ARM.ActiveCfg = Release|ARM
		{5E707630-EEAA-41D3-8809-FC16CCE132DF}.Release|ARM.Build.0 = Release|ARM
		{5E707630-EEAA-41D3-8809-FC16CCE132DF}.Release|ARM64.ActiveCfg = Release|Win32
		{5E707630-EEAA-41D3-8809-FC16CCE132DF}.Release|x64.ActiveCfg = Release|x64
		{5E707630-EEAA-41D3-8809-FC16CCE132DF}.Release|x64.Build.0 = Release|x64
		{5E707630-EEAA-41D3-8809-FC16CCE132DF}.Release|x86.ActiveCfg = Release|Win32
		{5E707630-EEAA-41D3-8809-FC16CCE132DF}.Release|x86.Build.0 = Release|Win32
		{4F8047B0-B9EC-4B0C-883C-971CFB924BD1}.Debug|Any CPU.ActiveCfg = Debug|Win32
		{4F8047B0-B9EC-4B0C-883C-971CFB924BD1}.Debug|ARM.ActiveCfg = Debug|Win32
		{4F8047B0-B9EC-4B0C-883C-971CFB924BD1}.Debug|ARM64.ActiveCfg = Debug|Win32
		{4F8047B0-B9EC-4B0C-883C-971CFB924BD1}.Debug|x64.ActiveCfg = Debug|x64
		{4F8047B0-B9EC-4B0C-883C-971CFB924BD1}.Debug|x64.Build.0 = Debug|x64
		{4F8047B0-B9EC-4B0C-883C-971CFB924BD1}.Debug|x86.ActiveCfg = Debug|Win32
		{4F8047B0-B9EC-4B0C-883C-971CFB924BD1}.Debug|x86.Build.0 = Debug|Win32
		{4F8047B0-B9EC-4B0C-883C-971CFB924BD1}.Release|Any CPU.ActiveCfg = Release|Win32
		{4F8047B0-B9EC-4B0C-883C-971CFB924BD1}.Release|ARM.ActiveCfg = Release|Win32
		{4F8047B0-B9EC-4B0C-883C-971CFB924BD1}.Release|ARM64.ActiveCfg = Release|Win32
		{4F8047B0-B9EC-4B0C-883C-971CFB924BD1}.Release|x64.ActiveCfg = Release|x64
		{4F8047B0-B9EC-4B0C-883C-971CFB924BD1}.Release|x64.Build.0 = Release|x64
		{4F8047B0-B9EC-4B0C-883C-971CFB924BD1}.Release|x86.ActiveCfg = Release|Win32
		{4F8047B0-B9EC-4B0C-883C-971CFB924BD1}.Release|x86.Build.0 = Release|Win32
		{3F0E4427-FD58-4757-96E3-D9704996BCDD}.Debug|Any CPU.ActiveCfg = Debug|Win32
		{3F0E4427-FD58-4757-96E3-D9704996BCDD}.Debug|ARM.ActiveCfg = Debug|Win32
		{3F0E4427-FD58-4757-96E3-D9704996BCDD}.Debug|ARM64.ActiveCfg = Debug|Win32
		{3F0E4427-FD58-4757-96E3-D9704996BCDD}.Debug|x64.ActiveCfg = Debug|x64
		{3F0E4427-FD58-4757-96E3-D9704996BCDD}.Debug|x64.Build.0 = Debug|x64
		{3F0E4427-FD58-4757-96E3-D9704996BCDD}.Debug|x86.ActiveCfg = Debug|Win32
		{3F0E4427-FD58-4757-96E3-D9704996BCDD}.Debug|x86.Build.0 = Debug|Win32
		{3F0E4427-FD58-4757-96E3-D9704996BCDD}.Release|Any CPU.ActiveCfg = Release|Win32
		{3F0E4427-FD58-4757-96E3-D9704996BCDD}.Release|ARM.ActiveCfg = Release|Win32
		{3F0E4427-FD58-4757-96E3-D9704996BCDD}.Release|ARM64.ActiveCfg = Release|Win32
		{3F0E4427-FD58-4757-96E3-D9704996BCDD}.Release|x64.ActiveCfg = Release|x64
		{3F0E4427-FD58-4757-96E3-D9704996BCDD}.Release|x64.Build.0 = Release|x64
		{3F0E4427-FD58-4757-96E3-D9704996BCDD}.Release|x86.ActiveCfg = Release|Win32
		{3F0E4427-FD58-4757-96E3-D9704996BCDD}.Release|x86.Build.0 = Release|Win32
		{72BFA2E4-4BC8-4069-8E06-05658F49ECB3}.Debug|Any CPU.ActiveCfg = Debug|Win32
		{72BFA2E4-4BC8-4069-8E06-05658F49ECB3}.Debug|ARM.ActiveCfg = Debug|Win32
		{72BFA2E4-4BC8-4069-8E06-05658F49ECB3}.Debug|ARM64.ActiveCfg = Debug|Win32
		{72BFA2E4-4BC8-4069-8E06-05658F49ECB3}.Debug|x64.ActiveCfg = Debug|x64
		{72BFA2E4-4BC8-4069-8E06-05658F49ECB3}.Debug|x64.Build.0 = Debug|x64
		{72BFA2E4-4BC8-4069-8E06-05658F49ECB3}.Debug|x86.ActiveCfg = Debug|Win32
		{72BFA2E4-4BC8-4069-8E06-05658F49ECB3}.Debug|x86.Build.0 = Debug|Win32
		{72BFA2E4-4BC8-4069-8E06-05658F49ECB3}.Release|Any CPU.ActiveCfg = Release|Win32
		{72BFA2E4-4BC8-4069-8E06-05658F49ECB3}.Release|ARM.ActiveCfg = Release|Win32
		{72BFA2E4-4BC8-4069-8E06-05658F49ECB3}.Release|ARM64.ActiveCfg = Release|Win32
		{72BFA2E4-4BC8-4069-8E06-05658F49ECB3}.Release|x64.ActiveCfg = Release|x64
		{72BFA2E4-4BC8-4069-8E06-05658F49ECB3}.Release|x64.Build.0 = Release|x64
		{72BFA2E4-4BC8-4069-8E06-05658F49ECB3}.Release|x86.ActiveCfg = Release|Win32
		{72BFA2E4-4BC8-4069-8E06-05658F49ECB3}.Release|x86.Build.0 = Release|Win32
	EndGlobalSection
	GlobalSection(SolutionProperties) = preSolution
		HideSolutionNode = FALSE
	EndGlobalSection
	GlobalSection(ExtensibilityGlobals) = postSolution
		SolutionGuid = {3286F849-3548-4BDC-8569-5EECBADC13E7}
	EndGlobalSection
EndGlobal
