<?xml version="1.0" encoding="utf-8"?>
<Project ToolsVersion="4.0" xmlns="http://schemas.microsoft.com/developer/msbuild/2003">
  <ItemGroup>
    <Filter Include="Source Files">
      <UniqueIdentifier>{4FC737F1-C7A5-4376-A066-2A32D752A2FF}</UniqueIdentifier>
      <Extensions>cpp;c;cc;cxx;def;odl;idl;hpj;bat;asm;asmx</Extensions>
    </Filter>
    <Filter Include="Header Files">
      <UniqueIdentifier>{93995380-89BD-4b04-88EB-625FBE52EBFB}</UniqueIdentifier>
      <Extensions>h;hh;hpp;hxx;hm;inl;inc;ipp;xsd</Extensions>
    </Filter>
    <Filter Include="Resource Files">
      <UniqueIdentifier>{67DA6AB6-F800-4c08-8B7A-83BB121AAD01}</UniqueIdentifier>
      <Extensions>rc;ico;cur;bmp;dlg;rc2;rct;bin;rgs;gif;jpg;jpeg;jpe;resx;tiff;tif;png;wav;mfcribbon-ms</Extensions>
    </Filter>
  </ItemGroup>
  <ItemGroup>
    <ClInclude Include="CosUmd12.h">
      <Filter>Header Files</Filter>
    </ClInclude>
    <ClInclude Include="CosUmd12Adapter.h">
      <Filter>Header Files</Filter>
    </ClInclude>
    <ClInclude Include="CosUmd12Device.h">
      <Filter>Header Files</Filter>
    </ClInclude>
    <ClInclude Include="CosUmd12RootSignature.h">
      <Filter>Header Files</Filter>
    </ClInclude>
    <ClInclude Include="CosUmd12Shader.h">
      <Filter>Header Files</Filter>
    </ClInclude>
    <ClInclude Include="CosUmd12PipelineState.h">
      <Filter>Header Files</Filter>
    </ClInclude>
    <ClInclude Include="CosUmd12Descriptor.h">
      <Filter>Header Files</Filter>
    </ClInclude>
    <ClInclude Include="CosUmd12CommandQueue.h">
      <Filter>Header Files</Filter>
    </ClInclude>
    <ClInclude Include="CosUmd12CommandList.h">
      <Filter>Header Files</Filter>
    </ClInclude>
    <ClInclude Include="CosUmd12Fence.h">
      <Filter>Header Files</Filter>
    </ClInclude>
    <ClInclude Include="CosUmd12Resource.h">
      <Filter>Header Files</Filter>
    </ClInclude>
    <ClInclude Include="CosUmd12Heap.h">
      <Filter>Header Files</Filter>
    </ClInclude>
    <ClInclude Include="CosUmd12CommandBuffer.h">
      <Filter>Header Files</Filter>
    </ClInclude>
    <ClInclude Include="CosUmd12DescriptorHeap.h">
      <Filter>Header Files</Filter>
    </ClInclude>
    <ClInclude Include="CosUmd12CommandRecorder.h">
      <Filter>Header Files</Filter>
    </ClInclude>
    <ClInclude Include="CosUmd12CommandPool.h">
      <Filter>Header Files</Filter>
    </ClInclude>
    <ClInclude Include="CosUmd12MetaCommand.h">
      <Filter>Header Files</Filter>
    </ClInclude>
    <ClInclude Include="CosUmd12CommandQueueGpuVa.h">
      <Filter>Header Files</Filter>
    </ClInclude>
    <ClInclude Include="CosUmd12CommandBufferGpuVa.h">
      <Filter>Header Files</Filter>
    </ClInclude>
    <ClInclude Include="CosUmd12CommandListGpuVa.h">
      <Filter>Header Files</Filter>
    </ClInclude>
    <ClInclude Include="CosUmd12Descriptor2L.h">
      <Filter>Header Files</Filter>
    </ClInclude>
    <ClInclude Include="CosUmd12DescriptorHeap2L.h">
      <Filter>Header Files</Filter>
    </ClInclude>
    <ClInclude Include="CosUmd12RootSignature2L.h">
      <Filter>Header Files</Filter>
    </ClInclude>
    <ClInclude Include="CosUmd12RootSignatureGpuVa.h">
      <Filter>Header Files</Filter>
    </ClInclude>
    <ClInclude Include="CosUmd12DescriptorGpuVa.h">
      <Filter>Header Files</Filter>
    </ClInclude>
    <ClInclude Include="CosUmd12DescriptorHeapGpuVa.h">
      <Filter>Header Files</Filter>
    </ClInclude>
  </ItemGroup>
  <ItemGroup>
    <ClCompile Include="CosUmd12.cpp">
      <Filter>Source Files</Filter>
    </ClCompile>
    <ClCompile Include="CosUmd12Adapter.cpp">
      <Filter>Source Files</Filter>
    </ClCompile>
    <ClCompile Include="CosUmd12Device.cpp">
      <Filter>Source Files</Filter>
    </ClCompile>
    <ClCompile Include="CosUmd12CommandQueueDdi.cpp">
      <Filter>Source Files</Filter>
    </ClCompile>
    <ClCompile Include="CosUmd12DeviceDdi.cpp">
      <Filter>Source Files</Filter>
    </ClCompile>
    <ClCompile Include="CosUmd12DxgiDdi.cpp">
      <Filter>Source Files</Filter>
    </ClCompile>
    <ClCompile Include="CosUmd12ExtendedFeaturesDdi.cpp">
      <Filter>Source Files</Filter>
    </ClCompile>
    <ClCompile Include="CosUmd12Heap.cpp">
      <Filter>Source Files</Filter>
    </ClCompile>
    <ClCompile Include="CosUmd12Resource.cpp">
      <Filter>Source Files</Filter>
    </ClCompile>
    <ClCompile Include="CosUmd12CommandQueue.cpp">
      <Filter>Source Files</Filter>
    </ClCompile>
    <ClCompile Include="CosUmd12CommandBuffer.cpp">
      <Filter>Source Files</Filter>
    </ClCompile>
    <ClCompile Include="CosUmd12CommandList.cpp">
      <Filter>Source Files</Filter>
    </ClCompile>
    <ClCompile Include="CosUmd12DescriptorHeap.cpp">
      <Filter>Source Files</Filter>
    </ClCompile>
    <ClCompile Include="CosUmd12RootSignature.cpp">
      <Filter>Source Files</Filter>
    </ClCompile>
    <ClCompile Include="CosUmd12Descriptor.cpp">
      <Filter>Source Files</Filter>
    </ClCompile>
    <ClCompile Include="CosUmd12CommandPool.cpp">
      <Filter>Source Files</Filter>
    </ClCompile>
    <ClCompile Include="CosUmd12MetaCommand.cpp">
      <Filter>Source Files</Filter>
    </ClCompile>
    <ClCompile Include="CosUmd12ComputeCommandListDdi.cpp">
      <Filter>Source Files</Filter>
    </ClCompile>
    <ClCompile Include="CosUmd12CommandQueueGpuVa.cpp">
      <Filter>Source Files</Filter>
    </ClCompile>
    <ClCompile Include="CosUmd12CommandBufferGpuVa.cpp">
      <Filter>Source Files</Filter>
    </ClCompile>
    <ClCompile Include="CosUmd12CommandListGpuVa.cpp">
      <Filter>Source Files</Filter>
    </ClCompile>
    <ClCompile Include="CosUmd12DescriptorHeap2L.cpp">
      <Filter>Source Files</Filter>
    </ClCompile>
    <ClCompile Include="CosUmd12RootSignature2L.cpp">
      <Filter>Source Files</Filter>
    </ClCompile>
    <ClCompile Include="CosUmd12RootSignatureGpuVa.cpp">
      <Filter>Source Files</Filter>
    </ClCompile>
    <ClCompile Include="CosUmd12DescriptorHeapGpuVa.cpp">
      <Filter>Source Files</Filter>
    </ClCompile>
    <ClCompile Include="CosUmd12Shader.cpp">
      <Filter>Source Files</Filter>
    </ClCompile>
  </ItemGroup>
</Project>