<?xml version="1.0" encoding="utf-8"?>
<Project ToolsVersion="4.0" xmlns="http://schemas.microsoft.com/developer/msbuild/2003">
  <ItemGroup>
    <Filter Include="Source Files">
      <UniqueIdentifier>{4FC737F1-C7A5-4376-A066-2A32D752A2FF}</UniqueIdentifier>
      <Extensions>cpp;c;cc;cxx;def;odl;idl;hpj;bat;asm;asmx</Extensions>
    </Filter>
    <Filter Include="Header Files">
      <UniqueIdentifier>{93995380-89BD-4b04-88EB-625FBE52EBFB}</UniqueIdentifier>
      <Extensions>h;hh;hpp;hxx;hm;inl;inc;xsd</Extensions>
    </Filter>
    <Filter Include="Resource Files">
      <UniqueIdentifier>{67DA6AB6-F800-4c08-8B7A-83BB121AAD01}</UniqueIdentifier>
      <Extensions>rc;ico;cur;bmp;dlg;rc2;rct;bin;rgs;gif;jpg;jpeg;jpe;resx;tiff;tif;png;wav;mfcribbon-ms</Extensions>
    </Filter>
  </ItemGroup>
  <ItemGroup>
    <Text Include="ReadMe.txt" />
  </ItemGroup>
  <ItemGroup>
    <ClInclude Include="..\common\resource.h">
      <Filter>Header Files</Filter>
    </ClInclude>
    <ClInclude Include="..\common\SDKmesh.h">
      <Filter>Header Files</Filter>
    </ClInclude>
    <ClInclude Include="..\common\BitmapDecode.h">
      <Filter>Header Files</Filter>
    </ClInclude>
    <ClInclude Include="..\common\xTimer.h">
      <Filter>Header Files</Filter>
    </ClInclude>
    <ClInclude Include="..\common\DolphinRender.h">
      <Filter>Header Files</Filter>
    </ClInclude>
  </ItemGroup>
  <ItemGroup>
    <ClCompile Include="DolphinTests.cpp">
      <Filter>Source Files</Filter>
    </ClCompile>
    <ClCompile Include="..\common\SDKmesh.cpp">
      <Filter>Source Files</Filter>
    </ClCompile>
    <ClCompile Include="..\common\BitmapDecode.cpp">
      <Filter>Source Files</Filter>
    </ClCompile>
    <ClCompile Include="..\common\DolphinRender.cpp">
      <Filter>Source Files</Filter>
    </ClCompile>
  </ItemGroup>
  <ItemGroup>
    <Image Include="..\resources\caust00.tga">
      <Filter>Resource Files</Filter>
    </Image>
    <Image Include="..\resources\caust01.tga">
      <Filter>Resource Files</Filter>
    </Image>
    <Image Include="..\resources\caust02.tga">
      <Filter>Resource Files</Filter>
    </Image>
    <Image Include="..\resources\caust03.tga">
      <Filter>Resource Files</Filter>
    </Image>
    <Image Include="..\resources\caust04.tga">
      <Filter>Resource Files</Filter>
    </Image>
    <Image Include="..\resources\caust05.tga">
      <Filter>Resource Files</Filter>
    </Image>
    <Image Include="..\resources\caust06.tga">
      <Filter>Resource Files</Filter>
    </Image>
    <Image Include="..\resources\caust07.tga">
      <Filter>Resource Files</Filter>
    </Image>
    <Image Include="..\resources\caust08.tga">
      <Filter>Resource Files</Filter>
    </Image>
    <Image Include="..\resources\caust09.tga">
      <Filter>Resource Files</Filter>
    </Image>
    <Image Include="..\resources\caust10.tga">
      <Filter>Resource Files</Filter>
    </Image>
    <Image Include="..\resources\caust11.tga">
      <Filter>Resource Files</Filter>
    </Image>
    <Image Include="..\resources\caust12.tga">
      <Filter>Resource Files</Filter>
    </Image>
    <Image Include="..\resources\caust13.tga">
      <Filter>Resource Files</Filter>
    </Image>
    <Image Include="..\resources\caust14.tga">
      <Filter>Resource Files</Filter>
    </Image>
    <Image Include="..\resources\caust15.tga">
      <Filter>Resource Files</Filter>
    </Image>
    <Image Include="..\resources\caust16.tga">
      <Filter>Resource Files</Filter>
    </Image>
    <Image Include="..\resources\caust17.tga">
      <Filter>Resource Files</Filter>
    </Image>
    <Image Include="..\resources\caust18.tga">
      <Filter>Resource Files</Filter>
    </Image>
    <Image Include="..\resources\caust19.tga">
      <Filter>Resource Files</Filter>
    </Image>
    <Image Include="..\resources\caust20.tga">
      <Filter>Resource Files</Filter>
    </Image>
    <Image Include="..\resources\caust21.tga">
      <Filter>Resource Files</Filter>
    </Image>
    <Image Include="..\resources\caust22.tga">
      <Filter>Resource Files</Filter>
    </Image>
    <Image Include="..\resources\caust23.tga">
      <Filter>Resource Files</Filter>
    </Image>
    <Image Include="..\resources\caust24.tga">
      <Filter>Resource Files</Filter>
    </Image>
    <Image Include="..\resources\caust25.tga">
      <Filter>Resource Files</Filter>
    </Image>
    <Image Include="..\resources\caust26.tga">
      <Filter>Resource Files</Filter>
    </Image>
    <Image Include="..\resources\caust27.tga">
      <Filter>Resource Files</Filter>
    </Image>
    <Image Include="..\resources\caust28.tga">
      <Filter>Resource Files</Filter>
    </Image>
    <Image Include="..\resources\caust29.tga">
      <Filter>Resource Files</Filter>
    </Image>
    <Image Include="..\resources\caust30.tga">
      <Filter>Resource Files</Filter>
    </Image>
    <Image Include="..\resources\caust31.tga">
      <Filter>Resource Files</Filter>
    </Image>
    <Image Include="..\resources\dolphin.bmp">
      <Filter>Resource Files</Filter>
    </Image>
    <Image Include="..\resources\seafloor.bmp">
      <Filter>Resource Files</Filter>
    </Image>
  </ItemGroup>
  <ItemGroup>
    <None Include="..\resources\Dolphin1.sdkmesh">
      <Filter>Resource Files</Filter>
    </None>
    <None Include="..\resources\Dolphin2.sdkmesh">
      <Filter>Resource Files</Filter>
    </None>
    <None Include="..\resources\Dolphin3.sdkmesh">
      <Filter>Resource Files</Filter>
    </None>
    <None Include="..\resources\DolphinTween.xvu">
      <Filter>Resource Files</Filter>
    </None>
    <None Include="..\resources\seafloor.sdkmesh">
      <Filter>Resource Files</Filter>
    </None>
    <None Include="..\resources\SeaFloor.xvu">
      <Filter>Resource Files</Filter>
    </None>
    <None Include="..\resources\ShadeCausticsPixel.xpu">
      <Filter>Resource Files</Filter>
    </None>
  </ItemGroup>
  <ItemGroup>
    <ResourceCompile Include="DolphinTests.rc">
      <Filter>Source Files</Filter>
    </ResourceCompile>
  </ItemGroup>
</Project>