
Microsoft Visual Studio Solution File, Format Version 12.00
# Visual Studio 14
VisualStudioVersion = 14.0.24720.0
MinimumVisualStudioVersion = 10.0.40219.1
Project("{8BC9CEB8-8B4A-11D0-8D11-00A0C91BC942}") = "roskmd", "roskmd\roskmd.vcxproj", "{65CF1498-21A7-4356-8C3A-3642958DEF34}"
EndProject
Project("{8BC9CEB8-8B4A-11D0-8D11-00A0C91BC942}") = "rosumd", "rosumd\rosumd.vcxproj", "{B87732A7-0D66-4692-96E2-2772BF77C3FC}"
	ProjectSection(ProjectDependencies) = postProject
		{98E16C06-7E74-4A0C-A5E6-24219CAE527D} = {98E16C06-7E74-4A0C-A5E6-24219CAE527D}
	EndProjectSection
EndProject
Project("{2150E333-8FDC-42A3-9474-1A3956D46DE8}") = "Solution Items", "Solution Items", "{3A4F1AE9-E3A6-4180-8FB1-4EA9305A67EE}"
	ProjectSection(SolutionItems) = preProject
		Governance.txt = Governance.txt
		Notes.txt = Notes.txt
		Questions.txt = Questions.txt
		WorkItems.txt = WorkItems.txt
	EndProjectSection
EndProject
Project("{8BC9CEB8-8B4A-11D0-8D11-00A0C91BC942}") = "roscompiler", "roscompiler\roscompiler.vcxproj", "{98E16C06-7E74-4A0C-A5E6-24219CAE527D}"
EndProject
Project("{8BC9CEB8-8B4A-11D0-8D11-00A0C91BC942}") = "CubeTest", "CubeTest\CubeTest.vcxproj", "{E462FE3C-960B-4A75-A57D-9C4705ECC8D9}"
EndProject
Project("{8BC9CEB8-8B4A-11D0-8D11-00A0C91BC942}") = "RosDriver", "rosdriver\RosDriver.vcxproj", "{593E30CD-93AD-432A-B6A1-B59F85C77ACC}"
EndProject
Project("{8BC9CEB8-8B4A-11D0-8D11-00A0C91BC942}") = "RosTest", "rostest\RosTest.vcxproj", "{5E7D4E14-5AF2-48AB-A551-33C8865A3C47}"
EndProject
Global
	GlobalSection(SolutionConfigurationPlatforms) = preSolution
		Debug|Any CPU = Debug|Any CPU
		Debug|ARM = Debug|ARM
		Debug|ARM64 = Debug|ARM64
		Debug|x64 = Debug|x64
		Debug|x86 = Debug|x86
		Release|Any CPU = Release|Any CPU
		Release|ARM = Release|ARM
		Release|ARM64 = Release|ARM64
		Release|x64 = Release|x64
		Release|x86 = Release|x86
	EndGlobalSection
	GlobalSection(ProjectConfigurationPlatforms) = postSolution
		{65CF1498-21A7-4356-8C3A-3642958DEF34}.Debug|Any CPU.ActiveCfg = Debug|Win32
		{65CF1498-21A7-4356-8C3A-3642958DEF34}.Debug|ARM.ActiveCfg = Debug|ARM
		{65CF1498-21A7-4356-8C3A-3642958DEF34}.Debug|ARM.Build.0 = Debug|ARM
		{65CF1498-21A7-4356-8C3A-3642958DEF34}.Debug|ARM64.ActiveCfg = Debug|ARM64
		{65CF1498-21A7-4356-8C3A-3642958DEF34}.Debug|ARM64.Build.0 = Debug|ARM64
		{65CF1498-21A7-4356-8C3A-3642958DEF34}.Debug|x64.ActiveCfg = Debug|x64
		{65CF1498-21A7-4356-8C3A-3642958DEF34}.Debug|x64.Build.0 = Debug|x64
		{65CF1498-21A7-4356-8C3A-3642958DEF34}.Debug|x86.ActiveCfg = Debug|Win32
		{65CF1498-21A7-4356-8C3A-3642958DEF34}.Debug|x86.Build.0 = Debug|Win32
		{65CF1498-21A7-4356-8C3A-3642958DEF34}.Debug|x86.Deploy.0 = Debug|Win32
		{65CF1498-21A7-4356-8C3A-3642958DEF34}.Release|Any CPU.ActiveCfg = Release|Win32
		{65CF1498-21A7-4356-8C3A-3642958DEF34}.Release|ARM.ActiveCfg = Release|ARM
		{65CF1498-21A7-4356-8C3A-3642958DEF34}.Release|ARM.Build.0 = Release|ARM
		{65CF1498-21A7-4356-8C3A-3642958DEF34}.Release|ARM64.ActiveCfg = Release|ARM64
		{65CF1498-21A7-4356-8C3A-3642958DEF34}.Release|ARM64.Build.0 = Release|ARM64
		{65CF1498-21A7-4356-8C3A-3642958DEF34}.Release|x64.ActiveCfg = Release|x64
		{65CF1498-21A7-4356-8C3A-3642958DEF34}.Release|x64.Build.0 = Release|x64
		{65CF1498-21A7-4356-8C3A-3642958DEF34}.Release|x86.ActiveCfg = Release|Win32
		{65CF1498-21A7-4356-8C3A-3642958DEF34}.Release|x86.Build.0 = Release|Win32
		{65CF1498-21A7-4356-8C3A-3642958DEF34}.Release|x86.Deploy.0 = Release|Win32
		{B87732A7-0D66-4692-96E2-2772BF77C3FC}.Debug|Any CPU.ActiveCfg = Debug|Win32
		{B87732A7-0D66-4692-96E2-2772BF77C3FC}.Debug|ARM.ActiveCfg = Debug|ARM
		{B87732A7-0D66-4692-96E2-2772BF77C3FC}.Debug|ARM.Build.0 = Debug|ARM
		{B87732A7-0D66-4692-96E2-2772BF77C3FC}.Debug|ARM.Deploy.0 = Debug|ARM
		{B87732A7-0D66-4692-96E2-2772BF77C3FC}.Debug|ARM64.ActiveCfg = Debug|ARM64
		{B87732A7-0D66-4692-96E2-2772BF77C3FC}.Debug|ARM64.Build.0 = Debug|ARM64
		{B87732A7-0D66-4692-96E2-2772BF77C3FC}.Debug|x64.ActiveCfg = Debug|x64
		{B87732A7-0D66-4692-96E2-2772BF77C3FC}.Debug|x64.Build.0 = Debug|x64
		{B87732A7-0D66-4692-96E2-2772BF77C3FC}.Debug|x64.Deploy.0 = Debug|x64
		{B87732A7-0D66-4692-96E2-2772BF77C3FC}.Debug|x86.ActiveCfg = Debug|Win32
		{B87732A7-0D66-4692-96E2-2772BF77C3FC}.Debug|x86.Build.0 = Debug|Win32
		{B87732A7-0D66-4692-96E2-2772BF77C3FC}.Debug|x86.Deploy.0 = Debug|Win32
		{B87732A7-0D66-4692-96E2-2772BF77C3FC}.Release|Any CPU.ActiveCfg = Release|Win32
		{B87732A7-0D66-4692-96E2-2772BF77C3FC}.Release|ARM.ActiveCfg = Release|ARM
		{B87732A7-0D66-4692-96E2-2772BF77C3FC}.Release|ARM.Build.0 = Release|ARM
		{B87732A7-0D66-4692-96E2-2772BF77C3FC}.Release|ARM.Deploy.0 = Release|ARM
		{B87732A7-0D66-4692-96E2-2772BF77C3FC}.Release|ARM64.ActiveCfg = Release|ARM64
		{B87732A7-0D66-4692-96E2-2772BF77C3FC}.Release|ARM64.Build.0 = Release|ARM64
		{B87732A7-0D66-4692-96E2-2772BF77C3FC}.Release|x64.ActiveCfg = Release|x64
		{B87732A7-0D66-4692-96E2-2772BF77C3FC}.Release|x64.Build.0 = Release|x64
		{B87732A7-0D66-4692-96E2-2772BF77C3FC}.Release|x64.Deploy.0 = Release|x64
		{B87732A7-0D66-4692-96E2-2772BF77C3FC}.Release|x86.ActiveCfg = Release|Win32
		{B87732A7-0D66-4692-96E2-2772BF77C3FC}.Release|x86.Build.0 = Release|Win32
		{B87732A7-0D66-4692-96E2-2772BF77C3FC}.Release|x86.Deploy.0 = Release|Win32
		{98E16C06-7E74-4A0C-A5E6-24219CAE527D}.Debug|Any CPU.ActiveCfg = Debug|Win32
		{98E16C06-7E74-4A0C-A5E6-24219CAE527D}.Debug|ARM.ActiveCfg = Debug|ARM
		{98E16C06-7E74-4A0C-A5E6-24219CAE527D}.Debug|ARM.Build.0 = Debug|ARM
		{98E16C06-7E74-4A0C-A5E6-24219CAE527D}.Debug|ARM64.ActiveCfg = Debug|ARM64
		{98E16C06-7E74-4A0C-A5E6-24219CAE527D}.Debug|ARM64.Build.0 = Debug|ARM64
		{98E16C06-7E74-4A0C-A5E6-24219CAE527D}.Debug|x64.ActiveCfg = Debug|x64
		{98E16C06-7E74-4A0C-A5E6-24219CAE527D}.Debug|x64.Build.0 = Debug|x64
		{98E16C06-7E74-4A0C-A5E6-24219CAE527D}.Debug|x64.Deploy.0 = Debug|x64
		{98E16C06-7E74-4A0C-A5E6-24219CAE527D}.Debug|x86.ActiveCfg = Debug|Win32
		{98E16C06-7E74-4A0C-A5E6-24219CAE527D}.Debug|x86.Build.0 = Debug|Win32
		{98E16C06-7E74-4A0C-A5E6-24219CAE527D}.Debug|x86.Deploy.0 = Debug|Win32
		{98E16C06-7E74-4A0C-A5E6-24219CAE527D}.Release|Any CPU.ActiveCfg = Release|Win32
		{98E16C06-7E74-4A0C-A5E6-24219CAE527D}.Release|ARM.ActiveCfg = Release|ARM
		{98E16C06-7E74-4A0C-A5E6-24219CAE527D}.Release|ARM.Build.0 = Release|ARM
		{98E16C06-7E74-4A0C-A5E6-24219CAE527D}.Release|ARM64.ActiveCfg = Release|ARM64
		{98E16C06-7E74-4A0C-A5E6-24219CAE527D}.Release|ARM64.Build.0 = Release|ARM64
		{98E16C06-7E74-4A0C-A5E6-24219CAE527D}.Release|x64.ActiveCfg = Release|x64
		{98E16C06-7E74-4A0C-A5E6-24219CAE527D}.Release|x64.Build.0 = Release|x64
		{98E16C06-7E74-4A0C-A5E6-24219CAE527D}.Release|x64.Deploy.0 = Release|x64
		{98E16C06-7E74-4A0C-A5E6-24219CAE527D}.Release|x86.ActiveCfg = Release|Win32
		{98E16C06-7E74-4A0C-A5E6-24219CAE527D}.Release|x86.Build.0 = Release|Win32
		{98E16C06-7E74-4A0C-A5E6-24219CAE527D}.Release|x86.Deploy.0 = Release|Win32
		{E462FE3C-960B-4A75-A57D-9C4705ECC8D9}.Debug|Any CPU.ActiveCfg = Debug|Win32
		{E462FE3C-960B-4A75-A57D-9C4705ECC8D9}.Debug|ARM.ActiveCfg = Debug|arm
		{E462FE3C-960B-4A75-A57D-9C4705ECC8D9}.Debug|ARM.Build.0 = Debug|arm
		{E462FE3C-960B-4A75-A57D-9C4705ECC8D9}.Debug|ARM64.ActiveCfg = Debug|Win32
		{E462FE3C-960B-4A75-A57D-9C4705ECC8D9}.Debug|x64.ActiveCfg = Debug|x64
		{E462FE3C-960B-4A75-A57D-9C4705ECC8D9}.Debug|x64.Build.0 = Debug|x64
		{E462FE3C-960B-4A75-A57D-9C4705ECC8D9}.Debug|x86.ActiveCfg = Debug|Win32
		{E462FE3C-960B-4A75-A57D-9C4705ECC8D9}.Debug|x86.Build.0 = Debug|Win32
		{E462FE3C-960B-4A75-A57D-9C4705ECC8D9}.Release|Any CPU.ActiveCfg = Release|Win32
		{E462FE3C-960B-4A75-A57D-9C4705ECC8D9}.Release|ARM.ActiveCfg = Release|arm
		{E462FE3C-960B-4A75-A57D-9C4705ECC8D9}.Release|ARM.Build.0 = Release|arm
		{E462FE3C-960B-4A75-A57D-9C4705ECC8D9}.Release|ARM64.ActiveCfg = Release|Win32
		{E462FE3C-960B-4A75-A57D-9C4705ECC8D9}.Release|x64.ActiveCfg = Release|x64
		{E462FE3C-960B-4A75-A57D-9C4705ECC8D9}.Release|x64.Build.0 = Release|x64
		{E462FE3C-960B-4A75-A57D-9C4705ECC8D9}.Release|x86.ActiveCfg = Release|Win32
		{E462FE3C-960B-4A75-A57D-9C4705ECC8D9}.Release|x86.Build.0 = Release|Win32
		{593E30CD-93AD-432A-B6A1-B59F85C77ACC}.Debug|Any CPU.ActiveCfg = Debug|Win32
		{593E30CD-93AD-432A-B6A1-B59F85C77ACC}.Debug|ARM.ActiveCfg = Debug|ARM
		{593E30CD-93AD-432A-B6A1-B59F85C77ACC}.Debug|ARM.Build.0 = Debug|ARM
		{593E30CD-93AD-432A-B6A1-B59F85C77ACC}.Debug|ARM.Deploy.0 = Debug|ARM
		{593E30CD-93AD-432A-B6A1-B59F85C77ACC}.Debug|ARM64.ActiveCfg = Debug|ARM64
		{593E30CD-93AD-432A-B6A1-B59F85C77ACC}.Debug|ARM64.Build.0 = Debug|ARM64
		{593E30CD-93AD-432A-B6A1-B59F85C77ACC}.Debug|ARM64.Deploy.0 = Debug|ARM64
		{593E30CD-93AD-432A-B6A1-B59F85C77ACC}.Debug|x64.ActiveCfg = Debug|x64
		{593E30CD-93AD-432A-B6A1-B59F85C77ACC}.Debug|x64.Build.0 = Debug|x64
		{593E30CD-93AD-432A-B6A1-B59F85C77ACC}.Debug|x64.Deploy.0 = Debug|x64
		{593E30CD-93AD-432A-B6A1-B59F85C77ACC}.Debug|x86.ActiveCfg = Debug|Win32
		{593E30CD-93AD-432A-B6A1-B59F85C77ACC}.Debug|x86.Build.0 = Debug|Win32
		{593E30CD-93AD-432A-B6A1-B59F85C77ACC}.Debug|x86.Deploy.0 = Debug|Win32
		{593E30CD-93AD-432A-B6A1-B59F85C77ACC}.Release|Any CPU.ActiveCfg = Release|Win32
		{593E30CD-93AD-432A-B6A1-B59F85C77ACC}.Release|ARM.ActiveCfg = Release|ARM
		{593E30CD-93AD-432A-B6A1-B59F85C77ACC}.Release|ARM.Build.0 = Release|ARM
		{593E30CD-93AD-432A-B6A1-B59F85C77ACC}.Release|ARM.Deploy.0 = Release|ARM
		{593E30CD-93AD-432A-B6A1-B59F85C77ACC}.Release|ARM64.ActiveCfg = Release|ARM64
		{593E30CD-93AD-432A-B6A1-B59F85C77ACC}.Release|ARM64.Build.0 = Release|ARM64
		{593E30CD-93AD-432A-B6A1-B59F85C77ACC}.Release|ARM64.Deploy.0 = Release|ARM64
		{593E30CD-93AD-432A-B6A1-B59F85C77ACC}.Release|x64.ActiveCfg = Release|x64
		{593E30CD-93AD-432A-B6A1-B59F85C77ACC}.Release|x64.Build.0 = Release|x64
		{593E30CD-93AD-432A-B6A1-B59F85C77ACC}.Release|x64.Deploy.0 = Release|x64
		{593E30CD-93AD-432A-B6A1-B59F85C77ACC}.Release|x86.ActiveCfg = Release|Win32
		{593E30CD-93AD-432A-B6A1-B59F85C77ACC}.Release|x86.Build.0 = Release|Win32
		{593E30CD-93AD-432A-B6A1-B59F85C77ACC}.Release|x86.Deploy.0 = Release|Win32
		{5E7D4E14-5AF2-48AB-A551-33C8865A3C47}.Debug|Any CPU.ActiveCfg = Debug|Win32
		{5E7D4E14-5AF2-48AB-A551-33C8865A3C47}.Debug|ARM.ActiveCfg = Debug|ARM
		{5E7D4E14-5AF2-48AB-A551-33C8865A3C47}.Debug|ARM.Build.0 = Debug|ARM
		{5E7D4E14-5AF2-48AB-A551-33C8865A3C47}.Debug|ARM64.ActiveCfg = Debug|Win32
		{5E7D4E14-5AF2-48AB-A551-33C8865A3C47}.Debug|x64.ActiveCfg = Debug|x64
		{5E7D4E14-5AF2-48AB-A551-33C8865A3C47}.Debug|x64.Build.0 = Debug|x64
		{5E7D4E14-5AF2-48AB-A551-33C8865A3C47}.Debug|x86.ActiveCfg = Debug|Win32
		{5E7D4E14-5AF2-48AB-A551-33C8865A3C47}.Debug|x86.Build.0 = Debug|Win32
		{5E7D4E14-5AF2-48AB-A551-33C8865A3C47}.Release|Any CPU.ActiveCfg = Release|Win32
		{5E7D4E14-5AF2-48AB-A551-33C8865A3C47}.Release|ARM.ActiveCfg = Release|ARM
		{5E7D4E14-5AF2-48AB-A551-33C8865A3C47}.Release|ARM.Build.0 = Release|ARM
		{5E7D4E14-5AF2-48AB-A551-33C8865A3C47}.Release|ARM64.ActiveCfg = Release|Win32
		{5E7D4E14-5AF2-48AB-A551-33C8865A3C47}.Release|x64.ActiveCfg = Release|x64
		{5E7D4E14-5AF2-48AB-A551-33C8865A3C47}.Release|x64.Build.0 = Release|x64
		{5E7D4E14-5AF2-48AB-A551-33C8865A3C47}.Release|x86.ActiveCfg = Release|Win32
		{5E7D4E14-5AF2-48AB-A551-33C8865A3C47}.Release|x86.Build.0 = Release|Win32
	EndGlobalSection
	GlobalSection(SolutionProperties) = preSolution
		HideSolutionNode = FALSE
	EndGlobalSection
EndGlobal
