<?xml version="1.0" encoding="utf-8"?>
<Project ToolsVersion="4.0" xmlns="http://schemas.microsoft.com/developer/msbuild/2003">
  <ItemGroup>
    <Filter Include="Source Files">
      <UniqueIdentifier>{4FC737F1-C7A5-4376-A066-2A32D752A2FF}</UniqueIdentifier>
      <Extensions>cpp;c;cc;cxx;def;odl;idl;hpj;bat;asm;asmx</Extensions>
    </Filter>
    <Filter Include="Header Files">
      <UniqueIdentifier>{93995380-89BD-4b04-88EB-625FBE52EBFB}</UniqueIdentifier>
      <Extensions>h;hpp;hxx;hm;inl;inc;xsd</Extensions>
    </Filter>
    <Filter Include="Resource Files">
      <UniqueIdentifier>{67DA6AB6-F800-4c08-8B7A-83BB121AAD01}</UniqueIdentifier>
      <Extensions>rc;ico;cur;bmp;dlg;rc2;rct;bin;rgs;gif;jpg;jpeg;jpe;resx;tiff;tif;png;wav;mfcribbon-ms</Extensions>
    </Filter>
    <Filter Include="Driver Files">
      <UniqueIdentifier>{8E41214B-6785-4CFE-B992-037D68949A14}</UniqueIdentifier>
      <Extensions>inf;inv;inx;mof;mc;</Extensions>
    </Filter>
    <Filter Include="Common">
      <UniqueIdentifier>{ed4aa3f4-53a0-4a2d-90a5-920a5707a73c}</UniqueIdentifier>
    </Filter>
  </ItemGroup>
  <ItemGroup>
    <None Include="RosUmd.def">
      <Filter>Driver Files</Filter>
    </None>
  </ItemGroup>
  <ItemGroup>
    <ClInclude Include="RosUmdAdapter.h">
      <Filter>Header Files</Filter>
    </ClInclude>
    <ClInclude Include="RosUmdDevice.h">
      <Filter>Header Files</Filter>
    </ClInclude>
    <ClInclude Include="d3dumddi_.h">
      <Filter>Header Files</Filter>
    </ClInclude>
    <ClInclude Include="RosUmdResource.h">
      <Filter>Header Files</Filter>
    </ClInclude>
    <ClInclude Include="..\roscommon\RosAllocation.h">
      <Filter>Common</Filter>
    </ClInclude>
    <ClInclude Include="RosContext.h">
      <Filter>Common</Filter>
    </ClInclude>
    <ClInclude Include="RosUmdCommandBuffer.h">
      <Filter>Header Files</Filter>
    </ClInclude>
    <ClInclude Include="RosUmdDebug.h">
      <Filter>Header Files</Filter>
    </ClInclude>
    <ClInclude Include="RosUmdUtil.h">
      <Filter>Header Files</Filter>
    </ClInclude>
    <ClInclude Include="pixel.hpp">
      <Filter>Header Files</Filter>
    </ClInclude>
    <ClInclude Include="RosUmdLogging.h">
      <Filter>Header Files</Filter>
    </ClInclude>
    <ClInclude Include="RosUmdDeviceDdi.h">
      <Filter>Header Files</Filter>
    </ClInclude>
    <ClInclude Include="..\roscommon\RosGpuCommand.h">
      <Filter>Common</Filter>
    </ClInclude>
    <ClInclude Include="RosUmdRasterizerState.h">
      <Filter>Header Files</Filter>
    </ClInclude>
    <ClInclude Include="RosUmdDepthStencilState.h">
      <Filter>Header Files</Filter>
    </ClInclude>
    <ClInclude Include="RosUmdSampler.h">
      <Filter>Header Files</Filter>
    </ClInclude>
    <ClInclude Include="RosUmdElementLayout.h">
      <Filter>Header Files</Filter>
    </ClInclude>
    <ClInclude Include="RosUmdShader.h">
      <Filter>Header Files</Filter>
    </ClInclude>
    <ClInclude Include="RosUmdBlendState.h">
      <Filter>Header Files</Filter>
    </ClInclude>
    <ClInclude Include="RosUmdRenderTargetView.h">
      <Filter>Header Files</Filter>
    </ClInclude>
    <ClInclude Include="..\roscommon\RosAdapter.h">
      <Filter>Common</Filter>
    </ClInclude>
    <ClInclude Include="..\roscommon\Vc4Hw.h">
      <Filter>Common</Filter>
    </ClInclude>
    <ClInclude Include="..\roscommon\Vc4Ddi.h">
      <Filter>Common</Filter>
    </ClInclude>
    <ClInclude Include="..\roscompiler\roscompiler.h">
      <Filter>Header Files</Filter>
    </ClInclude>
    <ClInclude Include="RosUmdDepthStencilView.h">
      <Filter>Header Files</Filter>
    </ClInclude>
    <ClInclude Include="RosUmdShaderResourceView.h">
      <Filter>Header Files</Filter>
    </ClInclude>
  </ItemGroup>
  <ItemGroup>
    <ClCompile Include="RosUmd.cpp">
      <Filter>Source Files</Filter>
    </ClCompile>
    <ClCompile Include="RosUmdAdapter.cpp">
      <Filter>Source Files</Filter>
    </ClCompile>
    <ClCompile Include="RosUmdDevice.cpp">
      <Filter>Source Files</Filter>
    </ClCompile>
    <ClCompile Include="RosUmdCommandBuffer.cpp">
      <Filter>Source Files</Filter>
    </ClCompile>
    <ClCompile Include="pixlib.cpp">
      <Filter>Source Files</Filter>
    </ClCompile>
    <ClCompile Include="RosUmdResource.cpp">
      <Filter>Source Files</Filter>
    </ClCompile>
    <ClCompile Include="RosUmdDeviceDdi.cpp">
      <Filter>Source Files</Filter>
    </ClCompile>
    <ClCompile Include="RosUmdUtil.cpp">
      <Filter>Source Files</Filter>
    </ClCompile>
    <ClCompile Include="RosUmdShader.cpp">
      <Filter>Source Files</Filter>
    </ClCompile>
    <ClCompile Include="RosUmdLogging.cpp">
      <Filter>Source Files</Filter>
    </ClCompile>
  </ItemGroup>
</Project>