<?xml version="1.0" encoding="utf-8"?>
<Project ToolsVersion="4.0" xmlns="http://schemas.microsoft.com/developer/msbuild/2003">
  <ItemGroup>
    <Filter Include="Source Files">
      <UniqueIdentifier>{4FC737F1-C7A5-4376-A066-2A32D752A2FF}</UniqueIdentifier>
      <Extensions>cpp;c;cc;cxx;def;odl;idl;hpj;bat;asm;asmx</Extensions>
    </Filter>
    <Filter Include="Header Files">
      <UniqueIdentifier>{93995380-89BD-4b04-88EB-625FBE52EBFB}</UniqueIdentifier>
      <Extensions>h;hpp;hxx;hm;inl;inc;xsd</Extensions>
    </Filter>
    <Filter Include="Resource Files">
      <UniqueIdentifier>{67DA6AB6-F800-4c08-8B7A-83BB121AAD01}</UniqueIdentifier>
      <Extensions>rc;ico;cur;bmp;dlg;rc2;rct;bin;rgs;gif;jpg;jpeg;jpe;resx;tiff;tif;png;wav;mfcribbon-ms</Extensions>
    </Filter>
    <Filter Include="Common">
      <UniqueIdentifier>{7e37f582-0628-4dbb-9e9c-a654d889fd65}</UniqueIdentifier>
    </Filter>
  </ItemGroup>
  <ItemGroup>
    <ClInclude Include="roscompiler.h">
      <Filter>Header Files</Filter>
    </ClInclude>
    <ClInclude Include="d3dumddi_.h">
      <Filter>Header Files</Filter>
    </ClInclude>
    <ClInclude Include="HLSLBinary.hpp">
      <Filter>Header Files</Filter>
    </ClInclude>
    <ClInclude Include="..\roscommon\Vc4Qpu.h">
      <Filter>Common</Filter>
    </ClInclude>
    <ClInclude Include="HLSLDisasm.hpp">
      <Filter>Header Files</Filter>
    </ClInclude>
    <ClInclude Include="Vc4Disasm.hpp">
      <Filter>Header Files</Filter>
    </ClInclude>
    <ClInclude Include="DisasmBase.hpp">
      <Filter>Header Files</Filter>
    </ClInclude>
    <ClInclude Include="Vc4Emit.hpp">
      <Filter>Header Files</Filter>
    </ClInclude>
    <ClInclude Include="Vc4Shader.hpp">
      <Filter>Header Files</Filter>
    </ClInclude>
    <ClInclude Include="roscompilerdebug.h">
      <Filter>Header Files</Filter>
    </ClInclude>
  </ItemGroup>
  <ItemGroup>
    <ClCompile Include="roscompiler.cpp">
      <Filter>Source Files</Filter>
    </ClCompile>
    <ClCompile Include="HLSLDisasm.cpp">
      <Filter>Source Files</Filter>
    </ClCompile>
    <ClCompile Include="HLSLBinary.cpp">
      <Filter>Source Files</Filter>
    </ClCompile>
    <ClCompile Include="Vc4Disasm.cpp">
      <Filter>Source Files</Filter>
    </ClCompile>
    <ClCompile Include="DisasmBase.cpp">
      <Filter>Source Files</Filter>
    </ClCompile>
    <ClCompile Include="Vc4Emit.cpp">
      <Filter>Source Files</Filter>
    </ClCompile>
    <ClCompile Include="Vc4Shader.cpp">
      <Filter>Source Files</Filter>
    </ClCompile>
  </ItemGroup>
</Project>